
Microsoft Visual Studio Solution File, Format Version 12.00
# Visual Studio Version 17
VisualStudioVersion = 17.0.31912.275
MinimumVisualStudioVersion = 10.0.40219.1
Project("{FAE04EC0-301F-11D3-BF4B-00C04F79EFBC}") = "WebApplication1", "WebApplication1\WebApplication1.csproj", "{73D7635F-C44A-48FB-AAC3-4828DD23D493}"
EndProject
Global
	GlobalSection(SolutionConfigurationPlatforms) = preSolution
		Debug|Any CPU = Debug|Any CPU
		Release|Any CPU = Release|Any CPU
	EndGlobalSection
	GlobalSection(ProjectConfigurationPlatforms) = postSolution
		{73D7635F-C44A-48FB-AAC3-4828DD23D493}.Debug|Any CPU.ActiveCfg = Debug|Any CPU
		{73D7635F-C44A-48FB-AAC3-4828DD23D493}.Debug|Any CPU.Build.0 = Debug|Any CPU
		{73D7635F-C44A-48FB-AAC3-4828DD23D493}.Release|Any CPU.ActiveCfg = Release|Any CPU
		{73D7635F-C44A-48FB-AAC3-4828DD23D493}.Release|Any CPU.Build.0 = Release|Any CPU
	EndGlobalSection
	GlobalSection(SolutionProperties) = preSolution
		HideSolutionNode = FALSE
	EndGlobalSection
	GlobalSection(ExtensibilityGlobals) = postSolution
		SolutionGuid = {F6E16C9F-467B-48D1-8565-2EA333A1A51F}
	EndGlobalSection
EndGlobal
